
Microsoft Visual Studio Solution File, Format Version 12.00
# Visual Studio 14
VisualStudioVersion = 14.0.24720.0
MinimumVisualStudioVersion = 10.0.40219.1
Project("{FAE04EC0-301F-11D3-BF4B-00C04F79EFBC}") = "ch1. duck", "HeadFirstDesignPattern\ch1. duck.csproj", "{71AB5CF6-69FB-4DF9-8395-964D82A904F1}"
EndProject
Project("{FAE04EC0-301F-11D3-BF4B-00C04F79EFBC}") = "ch2. Observer", "ch2. Observer\ch2. Observer.csproj", "{0595A791-ED6C-44C0-A0B4-009EBF518C28}"
EndProject
Project("{FAE04EC0-301F-11D3-BF4B-00C04F79EFBC}") = "ch3. Decorator", "ch3. decoration\ch3. Decorator.csproj", "{33DC628D-D95B-4692-9A6C-5FFC420B93FC}"
EndProject
Project("{FAE04EC0-301F-11D3-BF4B-00C04F79EFBC}") = "Ch4. factory_pattern", "Ch4. factory_pattern\Ch4. factory_pattern.csproj", "{E09F74B0-767E-4625-854A-2DE09F6B0216}"
EndProject
Global
	GlobalSection(SolutionConfigurationPlatforms) = preSolution
		Debug|Any CPU = Debug|Any CPU
		Release|Any CPU = Release|Any CPU
	EndGlobalSection
	GlobalSection(ProjectConfigurationPlatforms) = postSolution
		{71AB5CF6-69FB-4DF9-8395-964D82A904F1}.Debug|Any CPU.ActiveCfg = Debug|Any CPU
		{71AB5CF6-69FB-4DF9-8395-964D82A904F1}.Debug|Any CPU.Build.0 = Debug|Any CPU
		{71AB5CF6-69FB-4DF9-8395-964D82A904F1}.Release|Any CPU.ActiveCfg = Release|Any CPU
		{71AB5CF6-69FB-4DF9-8395-964D82A904F1}.Release|Any CPU.Build.0 = Release|Any CPU
		{0595A791-ED6C-44C0-A0B4-009EBF518C28}.Debug|Any CPU.ActiveCfg = Debug|Any CPU
		{0595A791-ED6C-44C0-A0B4-009EBF518C28}.Debug|Any CPU.Build.0 = Debug|Any CPU
		{0595A791-ED6C-44C0-A0B4-009EBF518C28}.Release|Any CPU.ActiveCfg = Release|Any CPU
		{0595A791-ED6C-44C0-A0B4-009EBF518C28}.Release|Any CPU.Build.0 = Release|Any CPU
		{33DC628D-D95B-4692-9A6C-5FFC420B93FC}.Debug|Any CPU.ActiveCfg = Debug|Any CPU
		{33DC628D-D95B-4692-9A6C-5FFC420B93FC}.Debug|Any CPU.Build.0 = Debug|Any CPU
		{33DC628D-D95B-4692-9A6C-5FFC420B93FC}.Release|Any CPU.ActiveCfg = Release|Any CPU
		{33DC628D-D95B-4692-9A6C-5FFC420B93FC}.Release|Any CPU.Build.0 = Release|Any CPU
		{E09F74B0-767E-4625-854A-2DE09F6B0216}.Debug|Any CPU.ActiveCfg = Debug|Any CPU
		{E09F74B0-767E-4625-854A-2DE09F6B0216}.Debug|Any CPU.Build.0 = Debug|Any CPU
		{E09F74B0-767E-4625-854A-2DE09F6B0216}.Release|Any CPU.ActiveCfg = Release|Any CPU
		{E09F74B0-767E-4625-854A-2DE09F6B0216}.Release|Any CPU.Build.0 = Release|Any CPU
	EndGlobalSection
	GlobalSection(SolutionProperties) = preSolution
		HideSolutionNode = FALSE
	EndGlobalSection
EndGlobal
